
Microsoft Visual Studio Solution File, Format Version 12.00
# Visual Studio Version 16
VisualStudioVersion = 16.0.31702.278
MinimumVisualStudioVersion = 10.0.40219.1
Project("{8BC9CEB8-8B4A-11D0-8D11-00A0C91BC942}") = "QWait", "QWait.vcxproj", "{2010F9BE-4971-48F6-985C-29983230A385}"
EndProject
Global
	GlobalSection(SolutionConfigurationPlatforms) = preSolution
		Debug|x64 = Debug|x64
		Debug|x86 = Debug|x86
		Release|x64 = Release|x64
		Release|x86 = Release|x86
	EndGlobalSection
	GlobalSection(ProjectConfigurationPlatforms) = postSolution
		{2010F9BE-4971-48F6-985C-29983230A385}.Debug|x64.ActiveCfg = Debug|x64
		{2010F9BE-4971-48F6-985C-29983230A385}.Debug|x64.Build.0 = Debug|x64
		{2010F9BE-4971-48F6-985C-29983230A385}.Debug|x86.ActiveCfg = Debug|Win32
		{2010F9BE-4971-48F6-985C-29983230A385}.Debug|x86.Build.0 = Debug|Win32
		{2010F9BE-4971-48F6-985C-29983230A385}.Release|x64.ActiveCfg = Release|x64
		{2010F9BE-4971-48F6-985C-29983230A385}.Release|x64.Build.0 = Release|x64
		{2010F9BE-4971-48F6-985C-29983230A385}.Release|x86.ActiveCfg = Release|Win32
		{2010F9BE-4971-48F6-985C-29983230A385}.Release|x86.Build.0 = Release|Win32
	EndGlobalSection
	GlobalSection(SolutionProperties) = preSolution
		HideSolutionNode = FALSE
	EndGlobalSection
	GlobalSection(ExtensibilityGlobals) = postSolution
		SolutionGuid = {55A3F566-3DDC-4823-9987-31EE5B63F1BD}
	EndGlobalSection
EndGlobal
